
Microsoft Visual Studio Solution File, Format Version 12.00
# Visual Studio Version 16
VisualStudioVersion = 16.0.29806.167
MinimumVisualStudioVersion = 10.0.40219.1
Project("{FAE04EC0-301F-11D3-BF4B-00C04F79EFBC}") = "DropDownDemo", "DropDownDemo.csproj", "{7AD05AE5-CC3C-40F7-92CA-4C3A802A67FF}"
EndProject
Global
	GlobalSection(SolutionConfigurationPlatforms) = preSolution
		Debug|Any CPU = Debug|Any CPU
		Release|Any CPU = Release|Any CPU
	EndGlobalSection
	GlobalSection(ProjectConfigurationPlatforms) = postSolution
		{7AD05AE5-CC3C-40F7-92CA-4C3A802A67FF}.Debug|Any CPU.ActiveCfg = Debug|Any CPU
		{7AD05AE5-CC3C-40F7-92CA-4C3A802A67FF}.Debug|Any CPU.Build.0 = Debug|Any CPU
		{7AD05AE5-CC3C-40F7-92CA-4C3A802A67FF}.Release|Any CPU.ActiveCfg = Release|Any CPU
		{7AD05AE5-CC3C-40F7-92CA-4C3A802A67FF}.Release|Any CPU.Build.0 = Release|Any CPU
	EndGlobalSection
	GlobalSection(SolutionProperties) = preSolution
		HideSolutionNode = FALSE
	EndGlobalSection
	GlobalSection(ExtensibilityGlobals) = postSolution
		SolutionGuid = {A1DCF04A-4A8B-4313-A741-82D2DF891143}
	EndGlobalSection
EndGlobal
